
Microsoft Visual Studio Solution File, Format Version 12.00
# Visual Studio Version 17
VisualStudioVersion = 17.3.32929.385
MinimumVisualStudioVersion = 10.0.40219.1
Project("{FAE04EC0-301F-11D3-BF4B-00C04F79EFBC}") = "ExceptionHandling", "ExceptionHandling\ExceptionHandling.csproj", "{9F07EF2C-1D53-4DE4-A308-CD35BEEBEC4A}"
EndProject
Global
	GlobalSection(SolutionConfigurationPlatforms) = preSolution
		Debug|Any CPU = Debug|Any CPU
		Release|Any CPU = Release|Any CPU
	EndGlobalSection
	GlobalSection(ProjectConfigurationPlatforms) = postSolution
		{9F07EF2C-1D53-4DE4-A308-CD35BEEBEC4A}.Debug|Any CPU.ActiveCfg = Debug|Any CPU
		{9F07EF2C-1D53-4DE4-A308-CD35BEEBEC4A}.Debug|Any CPU.Build.0 = Debug|Any CPU
		{9F07EF2C-1D53-4DE4-A308-CD35BEEBEC4A}.Release|Any CPU.ActiveCfg = Release|Any CPU
		{9F07EF2C-1D53-4DE4-A308-CD35BEEBEC4A}.Release|Any CPU.Build.0 = Release|Any CPU
	EndGlobalSection
	GlobalSection(SolutionProperties) = preSolution
		HideSolutionNode = FALSE
	EndGlobalSection
	GlobalSection(ExtensibilityGlobals) = postSolution
		SolutionGuid = {749827B8-A2E2-4D05-8AFF-2887021B5EED}
	EndGlobalSection
EndGlobal
