
Microsoft Visual Studio Solution File, Format Version 12.00
# Visual Studio Version 17
VisualStudioVersion = 17.3.32929.385
MinimumVisualStudioVersion = 10.0.40219.1
Project("{FAE04EC0-301F-11D3-BF4B-00C04F79EFBC}") = "HelloWorld", "HelloWorld\HelloWorld.csproj", "{36281515-9CEF-41C3-9A03-C5A0C1A1A51D}"
EndProject
Global
	GlobalSection(SolutionConfigurationPlatforms) = preSolution
		Debug|Any CPU = Debug|Any CPU
		Release|Any CPU = Release|Any CPU
	EndGlobalSection
	GlobalSection(ProjectConfigurationPlatforms) = postSolution
		{36281515-9CEF-41C3-9A03-C5A0C1A1A51D}.Debug|Any CPU.ActiveCfg = Debug|Any CPU
		{36281515-9CEF-41C3-9A03-C5A0C1A1A51D}.Debug|Any CPU.Build.0 = Debug|Any CPU
		{36281515-9CEF-41C3-9A03-C5A0C1A1A51D}.Release|Any CPU.ActiveCfg = Release|Any CPU
		{36281515-9CEF-41C3-9A03-C5A0C1A1A51D}.Release|Any CPU.Build.0 = Release|Any CPU
	EndGlobalSection
	GlobalSection(SolutionProperties) = preSolution
		HideSolutionNode = FALSE
	EndGlobalSection
	GlobalSection(ExtensibilityGlobals) = postSolution
		SolutionGuid = {C9C334A8-B4A3-4FFB-B8CE-273693736E7A}
	EndGlobalSection
EndGlobal
