
Microsoft Visual Studio Solution File, Format Version 12.00
# Visual Studio Version 17
VisualStudioVersion = 17.3.32929.385
MinimumVisualStudioVersion = 10.0.40219.1
Project("{FAE04EC0-301F-11D3-BF4B-00C04F79EFBC}") = "SRP", "SRP\SRP.csproj", "{4649D9F0-BF16-494E-ACDF-3BEA6710983E}"
EndProject
Project("{FAE04EC0-301F-11D3-BF4B-00C04F79EFBC}") = "OCP", "OCP\OCP.csproj", "{D96DAF9A-4E22-462B-BD87-627D8674F635}"
EndProject
Project("{FAE04EC0-301F-11D3-BF4B-00C04F79EFBC}") = "LSP", "LSP\LSP.csproj", "{F9246566-0364-41BA-9C74-42C409E040FF}"
EndProject
Project("{FAE04EC0-301F-11D3-BF4B-00C04F79EFBC}") = "ISP", "ISP\ISP.csproj", "{8FFBBEBD-48C5-413F-A575-D9E942F1A4F0}"
EndProject
Project("{FAE04EC0-301F-11D3-BF4B-00C04F79EFBC}") = "DIP", "DIP\DIP.csproj", "{747933EB-5C3E-4FF8-A9C3-74B69D13B11D}"
EndProject
Global
	GlobalSection(SolutionConfigurationPlatforms) = preSolution
		Debug|Any CPU = Debug|Any CPU
		Release|Any CPU = Release|Any CPU
	EndGlobalSection
	GlobalSection(ProjectConfigurationPlatforms) = postSolution
		{4649D9F0-BF16-494E-ACDF-3BEA6710983E}.Debug|Any CPU.ActiveCfg = Debug|Any CPU
		{4649D9F0-BF16-494E-ACDF-3BEA6710983E}.Debug|Any CPU.Build.0 = Debug|Any CPU
		{4649D9F0-BF16-494E-ACDF-3BEA6710983E}.Release|Any CPU.ActiveCfg = Release|Any CPU
		{4649D9F0-BF16-494E-ACDF-3BEA6710983E}.Release|Any CPU.Build.0 = Release|Any CPU
		{D96DAF9A-4E22-462B-BD87-627D8674F635}.Debug|Any CPU.ActiveCfg = Debug|Any CPU
		{D96DAF9A-4E22-462B-BD87-627D8674F635}.Debug|Any CPU.Build.0 = Debug|Any CPU
		{D96DAF9A-4E22-462B-BD87-627D8674F635}.Release|Any CPU.ActiveCfg = Release|Any CPU
		{D96DAF9A-4E22-462B-BD87-627D8674F635}.Release|Any CPU.Build.0 = Release|Any CPU
		{F9246566-0364-41BA-9C74-42C409E040FF}.Debug|Any CPU.ActiveCfg = Debug|Any CPU
		{F9246566-0364-41BA-9C74-42C409E040FF}.Debug|Any CPU.Build.0 = Debug|Any CPU
		{F9246566-0364-41BA-9C74-42C409E040FF}.Release|Any CPU.ActiveCfg = Release|Any CPU
		{F9246566-0364-41BA-9C74-42C409E040FF}.Release|Any CPU.Build.0 = Release|Any CPU
		{8FFBBEBD-48C5-413F-A575-D9E942F1A4F0}.Debug|Any CPU.ActiveCfg = Debug|Any CPU
		{8FFBBEBD-48C5-413F-A575-D9E942F1A4F0}.Debug|Any CPU.Build.0 = Debug|Any CPU
		{8FFBBEBD-48C5-413F-A575-D9E942F1A4F0}.Release|Any CPU.ActiveCfg = Release|Any CPU
		{8FFBBEBD-48C5-413F-A575-D9E942F1A4F0}.Release|Any CPU.Build.0 = Release|Any CPU
		{747933EB-5C3E-4FF8-A9C3-74B69D13B11D}.Debug|Any CPU.ActiveCfg = Debug|Any CPU
		{747933EB-5C3E-4FF8-A9C3-74B69D13B11D}.Debug|Any CPU.Build.0 = Debug|Any CPU
		{747933EB-5C3E-4FF8-A9C3-74B69D13B11D}.Release|Any CPU.ActiveCfg = Release|Any CPU
		{747933EB-5C3E-4FF8-A9C3-74B69D13B11D}.Release|Any CPU.Build.0 = Release|Any CPU
	EndGlobalSection
	GlobalSection(SolutionProperties) = preSolution
		HideSolutionNode = FALSE
	EndGlobalSection
	GlobalSection(ExtensibilityGlobals) = postSolution
		SolutionGuid = {B914DCC8-5441-4B08-8EDA-B2F802FF151E}
	EndGlobalSection
EndGlobal
