
Microsoft Visual Studio Solution File, Format Version 12.00
# Visual Studio Version 17
VisualStudioVersion = 17.3.32929.385
MinimumVisualStudioVersion = 10.0.40219.1
Project("{FAE04EC0-301F-11D3-BF4B-00C04F79EFBC}") = "Events", "Events\Events.csproj", "{FACBD87A-2F48-4E1A-BF19-0E67FF8E8D49}"
EndProject
Global
	GlobalSection(SolutionConfigurationPlatforms) = preSolution
		Debug|Any CPU = Debug|Any CPU
		Release|Any CPU = Release|Any CPU
	EndGlobalSection
	GlobalSection(ProjectConfigurationPlatforms) = postSolution
		{FACBD87A-2F48-4E1A-BF19-0E67FF8E8D49}.Debug|Any CPU.ActiveCfg = Debug|Any CPU
		{FACBD87A-2F48-4E1A-BF19-0E67FF8E8D49}.Debug|Any CPU.Build.0 = Debug|Any CPU
		{FACBD87A-2F48-4E1A-BF19-0E67FF8E8D49}.Release|Any CPU.ActiveCfg = Release|Any CPU
		{FACBD87A-2F48-4E1A-BF19-0E67FF8E8D49}.Release|Any CPU.Build.0 = Release|Any CPU
	EndGlobalSection
	GlobalSection(SolutionProperties) = preSolution
		HideSolutionNode = FALSE
	EndGlobalSection
	GlobalSection(ExtensibilityGlobals) = postSolution
		SolutionGuid = {2D4E89FD-4ED1-49E4-B3D3-471FD4A474A3}
	EndGlobalSection
EndGlobal
