
Microsoft Visual Studio Solution File, Format Version 12.00
# Visual Studio Version 17
VisualStudioVersion = 17.3.32929.385
MinimumVisualStudioVersion = 10.0.40219.1
Project("{FAE04EC0-301F-11D3-BF4B-00C04F79EFBC}") = "Inheritance", "Inheritance\Inheritance.csproj", "{7E2D3DC2-7FBA-4EEE-BA93-E3F2F5127463}"
EndProject
Project("{FAE04EC0-301F-11D3-BF4B-00C04F79EFBC}") = "ClassLibrary1", "ClassLibrary1\ClassLibrary1.csproj", "{BF4612FC-8DEE-470C-9DF1-1818ABC23AD1}"
EndProject
Global
	GlobalSection(SolutionConfigurationPlatforms) = preSolution
		Debug|Any CPU = Debug|Any CPU
		Release|Any CPU = Release|Any CPU
	EndGlobalSection
	GlobalSection(ProjectConfigurationPlatforms) = postSolution
		{7E2D3DC2-7FBA-4EEE-BA93-E3F2F5127463}.Debug|Any CPU.ActiveCfg = Debug|Any CPU
		{7E2D3DC2-7FBA-4EEE-BA93-E3F2F5127463}.Debug|Any CPU.Build.0 = Debug|Any CPU
		{7E2D3DC2-7FBA-4EEE-BA93-E3F2F5127463}.Release|Any CPU.ActiveCfg = Release|Any CPU
		{7E2D3DC2-7FBA-4EEE-BA93-E3F2F5127463}.Release|Any CPU.Build.0 = Release|Any CPU
		{BF4612FC-8DEE-470C-9DF1-1818ABC23AD1}.Debug|Any CPU.ActiveCfg = Debug|Any CPU
		{BF4612FC-8DEE-470C-9DF1-1818ABC23AD1}.Debug|Any CPU.Build.0 = Debug|Any CPU
		{BF4612FC-8DEE-470C-9DF1-1818ABC23AD1}.Release|Any CPU.ActiveCfg = Release|Any CPU
		{BF4612FC-8DEE-470C-9DF1-1818ABC23AD1}.Release|Any CPU.Build.0 = Release|Any CPU
	EndGlobalSection
	GlobalSection(SolutionProperties) = preSolution
		HideSolutionNode = FALSE
	EndGlobalSection
	GlobalSection(ExtensibilityGlobals) = postSolution
		SolutionGuid = {A8F6220E-F839-4D59-A489-087748A2A2BC}
	EndGlobalSection
EndGlobal
