
Microsoft Visual Studio Solution File, Format Version 12.00
# Visual Studio Version 17
VisualStudioVersion = 17.3.32929.385
MinimumVisualStudioVersion = 10.0.40219.1
Project("{FAE04EC0-301F-11D3-BF4B-00C04F79EFBC}") = "LINQ", "LINQ\LINQ.csproj", "{FF712ED4-1442-4E55-BBB3-E7AB8618A9CC}"
EndProject
Global
	GlobalSection(SolutionConfigurationPlatforms) = preSolution
		Debug|Any CPU = Debug|Any CPU
		Release|Any CPU = Release|Any CPU
	EndGlobalSection
	GlobalSection(ProjectConfigurationPlatforms) = postSolution
		{FF712ED4-1442-4E55-BBB3-E7AB8618A9CC}.Debug|Any CPU.ActiveCfg = Debug|Any CPU
		{FF712ED4-1442-4E55-BBB3-E7AB8618A9CC}.Debug|Any CPU.Build.0 = Debug|Any CPU
		{FF712ED4-1442-4E55-BBB3-E7AB8618A9CC}.Release|Any CPU.ActiveCfg = Release|Any CPU
		{FF712ED4-1442-4E55-BBB3-E7AB8618A9CC}.Release|Any CPU.Build.0 = Release|Any CPU
	EndGlobalSection
	GlobalSection(SolutionProperties) = preSolution
		HideSolutionNode = FALSE
	EndGlobalSection
	GlobalSection(ExtensibilityGlobals) = postSolution
		SolutionGuid = {68177FC7-E31D-45C5-A3DA-008706B98568}
	EndGlobalSection
EndGlobal
