
Microsoft Visual Studio Solution File, Format Version 12.00
# Visual Studio Version 17
VisualStudioVersion = 17.4.33110.190
MinimumVisualStudioVersion = 10.0.40219.1
Project("{FAE04EC0-301F-11D3-BF4B-00C04F79EFBC}") = "Event", "Event\Event.csproj", "{7A39A0CC-6DE1-475F-8E78-5D12E7C263B1}"
EndProject
Global
	GlobalSection(SolutionConfigurationPlatforms) = preSolution
		Debug|Any CPU = Debug|Any CPU
		Release|Any CPU = Release|Any CPU
	EndGlobalSection
	GlobalSection(ProjectConfigurationPlatforms) = postSolution
		{7A39A0CC-6DE1-475F-8E78-5D12E7C263B1}.Debug|Any CPU.ActiveCfg = Debug|Any CPU
		{7A39A0CC-6DE1-475F-8E78-5D12E7C263B1}.Debug|Any CPU.Build.0 = Debug|Any CPU
		{7A39A0CC-6DE1-475F-8E78-5D12E7C263B1}.Release|Any CPU.ActiveCfg = Release|Any CPU
		{7A39A0CC-6DE1-475F-8E78-5D12E7C263B1}.Release|Any CPU.Build.0 = Release|Any CPU
	EndGlobalSection
	GlobalSection(SolutionProperties) = preSolution
		HideSolutionNode = FALSE
	EndGlobalSection
	GlobalSection(ExtensibilityGlobals) = postSolution
		SolutionGuid = {4FD4959A-FD3E-4FF4-AECC-3CF79913DCC9}
	EndGlobalSection
EndGlobal
