
Microsoft Visual Studio Solution File, Format Version 12.00
# Visual Studio Version 17
VisualStudioVersion = 17.3.32929.385
MinimumVisualStudioVersion = 10.0.40219.1
Project("{FAE04EC0-301F-11D3-BF4B-00C04F79EFBC}") = "Generics", "Generics\Generics.csproj", "{FE488B53-F688-4C3B-AA8A-FE19ADE3D8F0}"
EndProject
Global
	GlobalSection(SolutionConfigurationPlatforms) = preSolution
		Debug|Any CPU = Debug|Any CPU
		Release|Any CPU = Release|Any CPU
	EndGlobalSection
	GlobalSection(ProjectConfigurationPlatforms) = postSolution
		{FE488B53-F688-4C3B-AA8A-FE19ADE3D8F0}.Debug|Any CPU.ActiveCfg = Debug|Any CPU
		{FE488B53-F688-4C3B-AA8A-FE19ADE3D8F0}.Debug|Any CPU.Build.0 = Debug|Any CPU
		{FE488B53-F688-4C3B-AA8A-FE19ADE3D8F0}.Release|Any CPU.ActiveCfg = Release|Any CPU
		{FE488B53-F688-4C3B-AA8A-FE19ADE3D8F0}.Release|Any CPU.Build.0 = Release|Any CPU
	EndGlobalSection
	GlobalSection(SolutionProperties) = preSolution
		HideSolutionNode = FALSE
	EndGlobalSection
	GlobalSection(ExtensibilityGlobals) = postSolution
		SolutionGuid = {AF817D2C-B2B0-47CC-A9E9-8090C3B34456}
	EndGlobalSection
EndGlobal
