
Microsoft Visual Studio Solution File, Format Version 12.00
# Visual Studio Version 17
VisualStudioVersion = 17.3.32929.385
MinimumVisualStudioVersion = 10.0.40219.1
Project("{FAE04EC0-301F-11D3-BF4B-00C04F79EFBC}") = "Interfaces", "Interfaces\Interfaces.csproj", "{8F71442D-4417-4DC6-A29E-237844C1EF48}"
EndProject
Project("{FAE04EC0-301F-11D3-BF4B-00C04F79EFBC}") = "Interfaces.UnitTests", "Interfaces.UnitTests\Interfaces.UnitTests.csproj", "{BCD84C29-2D98-4536-94E7-9E072E03E89D}"
EndProject
Global
	GlobalSection(SolutionConfigurationPlatforms) = preSolution
		Debug|Any CPU = Debug|Any CPU
		Release|Any CPU = Release|Any CPU
	EndGlobalSection
	GlobalSection(ProjectConfigurationPlatforms) = postSolution
		{8F71442D-4417-4DC6-A29E-237844C1EF48}.Debug|Any CPU.ActiveCfg = Debug|Any CPU
		{8F71442D-4417-4DC6-A29E-237844C1EF48}.Debug|Any CPU.Build.0 = Debug|Any CPU
		{8F71442D-4417-4DC6-A29E-237844C1EF48}.Release|Any CPU.ActiveCfg = Release|Any CPU
		{8F71442D-4417-4DC6-A29E-237844C1EF48}.Release|Any CPU.Build.0 = Release|Any CPU
		{BCD84C29-2D98-4536-94E7-9E072E03E89D}.Debug|Any CPU.ActiveCfg = Debug|Any CPU
		{BCD84C29-2D98-4536-94E7-9E072E03E89D}.Debug|Any CPU.Build.0 = Debug|Any CPU
		{BCD84C29-2D98-4536-94E7-9E072E03E89D}.Release|Any CPU.ActiveCfg = Release|Any CPU
		{BCD84C29-2D98-4536-94E7-9E072E03E89D}.Release|Any CPU.Build.0 = Release|Any CPU
	EndGlobalSection
	GlobalSection(SolutionProperties) = preSolution
		HideSolutionNode = FALSE
	EndGlobalSection
	GlobalSection(ExtensibilityGlobals) = postSolution
		SolutionGuid = {98BC387E-787B-4947-8E07-2D021D66CE21}
	EndGlobalSection
EndGlobal
